
Microsoft Visual Studio Solution File, Format Version 12.00
# Visual Studio Version 16
VisualStudioVersion = 16.0.29102.190
MinimumVisualStudioVersion = 10.0.40219.1
Project("{FAE04EC0-301F-11D3-BF4B-00C04F79EFBC}") = "GraphQL.Net.Subscription", "GraphQL.Net.Subscription\GraphQL.Net.Subscription.csproj", "{4C8B6A22-DB1C-4312-8FBB-BCB63A32B7F3}"
EndProject
Global
	GlobalSection(SolutionConfigurationPlatforms) = preSolution
		Debug|Any CPU = Debug|Any CPU
		Release|Any CPU = Release|Any CPU
	EndGlobalSection
	GlobalSection(ProjectConfigurationPlatforms) = postSolution
		{4C8B6A22-DB1C-4312-8FBB-BCB63A32B7F3}.Debug|Any CPU.ActiveCfg = Debug|Any CPU
		{4C8B6A22-DB1C-4312-8FBB-BCB63A32B7F3}.Debug|Any CPU.Build.0 = Debug|Any CPU
		{4C8B6A22-DB1C-4312-8FBB-BCB63A32B7F3}.Release|Any CPU.ActiveCfg = Release|Any CPU
		{4C8B6A22-DB1C-4312-8FBB-BCB63A32B7F3}.Release|Any CPU.Build.0 = Release|Any CPU
	EndGlobalSection
	GlobalSection(SolutionProperties) = preSolution
		HideSolutionNode = FALSE
	EndGlobalSection
	GlobalSection(ExtensibilityGlobals) = postSolution
		SolutionGuid = {2FD92A31-C5ED-4D2F-9670-805A3C3FBC41}
	EndGlobalSection
EndGlobal
