
Microsoft Visual Studio Solution File, Format Version 12.00
# Visual Studio Version 16
VisualStudioVersion = 16.0.29201.188
MinimumVisualStudioVersion = 10.0.40219.1
Project("{9A19103F-16F7-4668-BE54-9A1E7A4F7556}") = "GraphQL.AspNetCore", "GraphQL.AspNetCore\GraphQL.AspNetCore.csproj", "{DD3E5564-2861-40C1-9ED0-4813F23D30C6}"
EndProject
Global
	GlobalSection(SolutionConfigurationPlatforms) = preSolution
		Debug|Any CPU = Debug|Any CPU
		Release|Any CPU = Release|Any CPU
	EndGlobalSection
	GlobalSection(ProjectConfigurationPlatforms) = postSolution
		{DD3E5564-2861-40C1-9ED0-4813F23D30C6}.Debug|Any CPU.ActiveCfg = Debug|Any CPU
		{DD3E5564-2861-40C1-9ED0-4813F23D30C6}.Debug|Any CPU.Build.0 = Debug|Any CPU
		{DD3E5564-2861-40C1-9ED0-4813F23D30C6}.Release|Any CPU.ActiveCfg = Release|Any CPU
		{DD3E5564-2861-40C1-9ED0-4813F23D30C6}.Release|Any CPU.Build.0 = Release|Any CPU
	EndGlobalSection
	GlobalSection(SolutionProperties) = preSolution
		HideSolutionNode = FALSE
	EndGlobalSection
	GlobalSection(ExtensibilityGlobals) = postSolution
		SolutionGuid = {AD460ED5-020A-4946-A3C9-E2F6EA6DFDD4}
	EndGlobalSection
EndGlobal
