
Microsoft Visual Studio Solution File, Format Version 12.00
# Visual Studio Version 16
VisualStudioVersion = 16.0.29201.188
MinimumVisualStudioVersion = 10.0.40219.1
Project("{9A19103F-16F7-4668-BE54-9A1E7A4F7556}") = "GraphQL_3_1", "GraphQL_3_1\GraphQL_3_1.csproj", "{44FF0487-6F04-477F-A332-6157548DF316}"
EndProject
Project("{9A19103F-16F7-4668-BE54-9A1E7A4F7556}") = "GraphQL_6_1", "GraphQL_6_1\GraphQL_6_1.csproj", "{2BA3D083-9050-428D-899D-C5EFDE693A78}"
EndProject
Project("{9A19103F-16F7-4668-BE54-9A1E7A4F7556}") = "GraphQL_11_1", "GraphQL_11_1\GraphQL_11_1.csproj", "{905731CC-861A-424B-9CDE-9087F80E7757}"
EndProject
Project("{9A19103F-16F7-4668-BE54-9A1E7A4F7556}") = "GraphQL_12_1", "GraphQL_12_1\GraphQL_12_1.csproj", "{C8E8EA65-A5EF-448D-8139-EE141192BF14}"
EndProject
Project("{9A19103F-16F7-4668-BE54-9A1E7A4F7556}") = "GraphQL_13_1", "GraphQL_13_1\GraphQL_13_1.csproj", "{4BE039DB-EB11-4051-ABEF-2DB5ACCCB058}"
EndProject
Project("{9A19103F-16F7-4668-BE54-9A1E7A4F7556}") = "GraphQL_23_1", "GraphQL_23_1\GraphQL_23_1.csproj", "{E3C8A7D7-264D-4CF8-84F4-114E436379F0}"
EndProject
Project("{9A19103F-16F7-4668-BE54-9A1E7A4F7556}") = "GraphQL_0_0", "GraphQL_0_0\GraphQL_0_0.csproj", "{1C711405-43B3-4632-849A-0331489B208B}"
EndProject
Project("{9A19103F-16F7-4668-BE54-9A1E7A4F7556}") = "GraphQL_0_1", "GraphQL_0_1\GraphQL_0_1.csproj", "{A333E0E2-D215-4368-B5AD-B7391FDB9C01}"
EndProject
Global
	GlobalSection(SolutionConfigurationPlatforms) = preSolution
		Debug|Any CPU = Debug|Any CPU
		Release|Any CPU = Release|Any CPU
	EndGlobalSection
	GlobalSection(ProjectConfigurationPlatforms) = postSolution
		{44FF0487-6F04-477F-A332-6157548DF316}.Debug|Any CPU.ActiveCfg = Debug|Any CPU
		{44FF0487-6F04-477F-A332-6157548DF316}.Debug|Any CPU.Build.0 = Debug|Any CPU
		{44FF0487-6F04-477F-A332-6157548DF316}.Release|Any CPU.ActiveCfg = Release|Any CPU
		{44FF0487-6F04-477F-A332-6157548DF316}.Release|Any CPU.Build.0 = Release|Any CPU
		{2BA3D083-9050-428D-899D-C5EFDE693A78}.Debug|Any CPU.ActiveCfg = Debug|Any CPU
		{2BA3D083-9050-428D-899D-C5EFDE693A78}.Debug|Any CPU.Build.0 = Debug|Any CPU
		{2BA3D083-9050-428D-899D-C5EFDE693A78}.Release|Any CPU.ActiveCfg = Release|Any CPU
		{2BA3D083-9050-428D-899D-C5EFDE693A78}.Release|Any CPU.Build.0 = Release|Any CPU
		{905731CC-861A-424B-9CDE-9087F80E7757}.Debug|Any CPU.ActiveCfg = Debug|Any CPU
		{905731CC-861A-424B-9CDE-9087F80E7757}.Debug|Any CPU.Build.0 = Debug|Any CPU
		{905731CC-861A-424B-9CDE-9087F80E7757}.Release|Any CPU.ActiveCfg = Release|Any CPU
		{905731CC-861A-424B-9CDE-9087F80E7757}.Release|Any CPU.Build.0 = Release|Any CPU
		{C8E8EA65-A5EF-448D-8139-EE141192BF14}.Debug|Any CPU.ActiveCfg = Debug|Any CPU
		{C8E8EA65-A5EF-448D-8139-EE141192BF14}.Debug|Any CPU.Build.0 = Debug|Any CPU
		{C8E8EA65-A5EF-448D-8139-EE141192BF14}.Release|Any CPU.ActiveCfg = Release|Any CPU
		{C8E8EA65-A5EF-448D-8139-EE141192BF14}.Release|Any CPU.Build.0 = Release|Any CPU
		{4BE039DB-EB11-4051-ABEF-2DB5ACCCB058}.Debug|Any CPU.ActiveCfg = Debug|Any CPU
		{4BE039DB-EB11-4051-ABEF-2DB5ACCCB058}.Debug|Any CPU.Build.0 = Debug|Any CPU
		{4BE039DB-EB11-4051-ABEF-2DB5ACCCB058}.Release|Any CPU.ActiveCfg = Release|Any CPU
		{4BE039DB-EB11-4051-ABEF-2DB5ACCCB058}.Release|Any CPU.Build.0 = Release|Any CPU
		{E3C8A7D7-264D-4CF8-84F4-114E436379F0}.Debug|Any CPU.ActiveCfg = Debug|Any CPU
		{E3C8A7D7-264D-4CF8-84F4-114E436379F0}.Debug|Any CPU.Build.0 = Debug|Any CPU
		{E3C8A7D7-264D-4CF8-84F4-114E436379F0}.Release|Any CPU.ActiveCfg = Release|Any CPU
		{E3C8A7D7-264D-4CF8-84F4-114E436379F0}.Release|Any CPU.Build.0 = Release|Any CPU
		{1C711405-43B3-4632-849A-0331489B208B}.Debug|Any CPU.ActiveCfg = Debug|Any CPU
		{1C711405-43B3-4632-849A-0331489B208B}.Debug|Any CPU.Build.0 = Debug|Any CPU
		{1C711405-43B3-4632-849A-0331489B208B}.Release|Any CPU.ActiveCfg = Release|Any CPU
		{1C711405-43B3-4632-849A-0331489B208B}.Release|Any CPU.Build.0 = Release|Any CPU
		{A333E0E2-D215-4368-B5AD-B7391FDB9C01}.Debug|Any CPU.ActiveCfg = Debug|Any CPU
		{A333E0E2-D215-4368-B5AD-B7391FDB9C01}.Debug|Any CPU.Build.0 = Debug|Any CPU
		{A333E0E2-D215-4368-B5AD-B7391FDB9C01}.Release|Any CPU.ActiveCfg = Release|Any CPU
		{A333E0E2-D215-4368-B5AD-B7391FDB9C01}.Release|Any CPU.Build.0 = Release|Any CPU
	EndGlobalSection
	GlobalSection(SolutionProperties) = preSolution
		HideSolutionNode = FALSE
	EndGlobalSection
	GlobalSection(ExtensibilityGlobals) = postSolution
		SolutionGuid = {D9B7178E-3B1D-4449-9130-0A75CA6E3F49}
	EndGlobalSection
EndGlobal
